
Microsoft Visual Studio Solution File, Format Version 12.00
# Visual Studio Version 17
VisualStudioVersion = 17.5.002.0
MinimumVisualStudioVersion = 10.0.40219.1
Project("{2150E333-8FDC-42A3-9474-1A3956D46DE8}") = "csharp-prep", "csharp-prep", "{2844DFF4-DBC8-45ED-A6FF-EA201205B1D9}"
EndProject
Project("{9A19103F-16F7-4668-BE54-9A1E7A4F7556}") = "Prep1", "csharp-prep\Prep1\Prep1.csproj", "{F099F621-967D-4571-960B-F406C9179947}"
EndProject
Project("{9A19103F-16F7-4668-BE54-9A1E7A4F7556}") = "Prep2", "csharp-prep\Prep2\Prep2.csproj", "{79B68A8E-D1B5-4EA4-A6BD-9F879655D742}"
EndProject
Project("{9A19103F-16F7-4668-BE54-9A1E7A4F7556}") = "Prep3", "csharp-prep\Prep3\Prep3.csproj", "{5F57E932-37B1-4008-B05E-34093EC3B83E}"
EndProject
Project("{9A19103F-16F7-4668-BE54-9A1E7A4F7556}") = "Prep4", "csharp-prep\Prep4\Prep4.csproj", "{A53C866C-31D4-4288-BA5E-0F33D1E1C028}"
EndProject
Project("{9A19103F-16F7-4668-BE54-9A1E7A4F7556}") = "Prep5", "csharp-prep\Prep5\Prep5.csproj", "{05054C2E-8339-487B-9502-06420CBC72AD}"
EndProject
Project("{2150E333-8FDC-42A3-9474-1A3956D46DE8}") = "final", "final", "{5F01E94E-9C6D-4538-9D33-734C00CB32EA}"
EndProject
Project("{9A19103F-16F7-4668-BE54-9A1E7A4F7556}") = "FinalProject", "final\FinalProject\FinalProject.csproj", "{6626758A-ECFB-4206-A59D-60204F674D2E}"
EndProject
Project("{9A19103F-16F7-4668-BE54-9A1E7A4F7556}") = "Foundation1", "final\Foundation1\Foundation1.csproj", "{EDE88F89-E88D-4F78-A027-27DB6760A013}"
EndProject
Project("{9A19103F-16F7-4668-BE54-9A1E7A4F7556}") = "Foundation2", "final\Foundation2\Foundation2.csproj", "{FF17FA86-C863-4987-8C3B-9F55CF16CBD2}"
EndProject
Project("{9A19103F-16F7-4668-BE54-9A1E7A4F7556}") = "Foundation3", "final\Foundation3\Foundation3.csproj", "{4A5CE3C3-03AB-4E78-A7BD-0D44028546D5}"
EndProject
Project("{9A19103F-16F7-4668-BE54-9A1E7A4F7556}") = "Foundation4", "final\Foundation4\Foundation4.csproj", "{9E83BAB5-0050-4A89-924A-34B5A12ECC27}"
EndProject
Project("{2150E333-8FDC-42A3-9474-1A3956D46DE8}") = "prepare", "prepare", "{43DCF94B-0434-42FE-B132-28CF5772531E}"
EndProject
Project("{9A19103F-16F7-4668-BE54-9A1E7A4F7556}") = "Learning02", "prepare\Learning02\Learning02.csproj", "{074D35C7-B0EE-4147-9634-B8A38197F1DD}"
EndProject
Project("{9A19103F-16F7-4668-BE54-9A1E7A4F7556}") = "Learning03", "prepare\Learning03\Learning03.csproj", "{F16C295F-03C0-430E-9ED2-19E7C5037CA6}"
EndProject
Project("{9A19103F-16F7-4668-BE54-9A1E7A4F7556}") = "Learning04", "prepare\Learning04\Learning04.csproj", "{91738205-127F-4C99-9D00-D2528063FEA8}"
EndProject
Project("{9A19103F-16F7-4668-BE54-9A1E7A4F7556}") = "Learning05", "prepare\Learning05\Learning05.csproj", "{12810CEB-3C26-4E8F-A0DB-56AE6F8E8301}"
EndProject
Project("{2150E333-8FDC-42A3-9474-1A3956D46DE8}") = "prove", "prove", "{C8EEFFA5-C9B8-40B1-8204-F2F23FD4E0DE}"
EndProject
Project("{9A19103F-16F7-4668-BE54-9A1E7A4F7556}") = "Develop02", "prove\Develop02\Develop02.csproj", "{A7F1BE87-4296-439F-BFAC-9E144EAA4DB4}"
EndProject
Project("{9A19103F-16F7-4668-BE54-9A1E7A4F7556}") = "Develop03", "prove\Develop03\Develop03.csproj", "{34FF0899-2F2B-4B0A-92BE-8BDFF82FDB4E}"
EndProject
Project("{9A19103F-16F7-4668-BE54-9A1E7A4F7556}") = "Develop04", "prove\Develop04\Develop04.csproj", "{0BA5C503-014B-47DA-A1F2-183A2E6DFE3A}"
EndProject
Project("{9A19103F-16F7-4668-BE54-9A1E7A4F7556}") = "Develop05", "prove\Develop05\Develop05.csproj", "{2B65A4BD-6990-44F8-B301-B6CBEAA76E5B}"
EndProject
Project("{2150E333-8FDC-42A3-9474-1A3956D46DE8}") = "sandbox", "sandbox", "{E29B6FE3-39DB-4E6F-9E81-A041711577A4}"
EndProject
Project("{9A19103F-16F7-4668-BE54-9A1E7A4F7556}") = "Sandbox", "sandbox\Sandbox\Sandbox.csproj", "{8E396ABC-1B9E-470B-9639-C0D0A02FABF3}"
EndProject
Global
	GlobalSection(SolutionConfigurationPlatforms) = preSolution
		Debug|Any CPU = Debug|Any CPU
		Release|Any CPU = Release|Any CPU
	EndGlobalSection
	GlobalSection(ProjectConfigurationPlatforms) = postSolution
		{F099F621-967D-4571-960B-F406C9179947}.Debug|Any CPU.ActiveCfg = Debug|Any CPU
		{F099F621-967D-4571-960B-F406C9179947}.Debug|Any CPU.Build.0 = Debug|Any CPU
		{F099F621-967D-4571-960B-F406C9179947}.Release|Any CPU.ActiveCfg = Release|Any CPU
		{F099F621-967D-4571-960B-F406C9179947}.Release|Any CPU.Build.0 = Release|Any CPU
		{79B68A8E-D1B5-4EA4-A6BD-9F879655D742}.Debug|Any CPU.ActiveCfg = Debug|Any CPU
		{79B68A8E-D1B5-4EA4-A6BD-9F879655D742}.Debug|Any CPU.Build.0 = Debug|Any CPU
		{79B68A8E-D1B5-4EA4-A6BD-9F879655D742}.Release|Any CPU.ActiveCfg = Release|Any CPU
		{79B68A8E-D1B5-4EA4-A6BD-9F879655D742}.Release|Any CPU.Build.0 = Release|Any CPU
		{5F57E932-37B1-4008-B05E-34093EC3B83E}.Debug|Any CPU.ActiveCfg = Debug|Any CPU
		{5F57E932-37B1-4008-B05E-34093EC3B83E}.Debug|Any CPU.Build.0 = Debug|Any CPU
		{5F57E932-37B1-4008-B05E-34093EC3B83E}.Release|Any CPU.ActiveCfg = Release|Any CPU
		{5F57E932-37B1-4008-B05E-34093EC3B83E}.Release|Any CPU.Build.0 = Release|Any CPU
		{A53C866C-31D4-4288-BA5E-0F33D1E1C028}.Debug|Any CPU.ActiveCfg = Debug|Any CPU
		{A53C866C-31D4-4288-BA5E-0F33D1E1C028}.Debug|Any CPU.Build.0 = Debug|Any CPU
		{A53C866C-31D4-4288-BA5E-0F33D1E1C028}.Release|Any CPU.ActiveCfg = Release|Any CPU
		{A53C866C-31D4-4288-BA5E-0F33D1E1C028}.Release|Any CPU.Build.0 = Release|Any CPU
		{05054C2E-8339-487B-9502-06420CBC72AD}.Debug|Any CPU.ActiveCfg = Debug|Any CPU
		{05054C2E-8339-487B-9502-06420CBC72AD}.Debug|Any CPU.Build.0 = Debug|Any CPU
		{05054C2E-8339-487B-9502-06420CBC72AD}.Release|Any CPU.ActiveCfg = Release|Any CPU
		{05054C2E-8339-487B-9502-06420CBC72AD}.Release|Any CPU.Build.0 = Release|Any CPU
		{6626758A-ECFB-4206-A59D-60204F674D2E}.Debug|Any CPU.ActiveCfg = Debug|Any CPU
		{6626758A-ECFB-4206-A59D-60204F674D2E}.Debug|Any CPU.Build.0 = Debug|Any CPU
		{6626758A-ECFB-4206-A59D-60204F674D2E}.Release|Any CPU.ActiveCfg = Release|Any CPU
		{6626758A-ECFB-4206-A59D-60204F674D2E}.Release|Any CPU.Build.0 = Release|Any CPU
		{EDE88F89-E88D-4F78-A027-27DB6760A013}.Debug|Any CPU.ActiveCfg = Debug|Any CPU
		{EDE88F89-E88D-4F78-A027-27DB6760A013}.Debug|Any CPU.Build.0 = Debug|Any CPU
		{EDE88F89-E88D-4F78-A027-27DB6760A013}.Release|Any CPU.ActiveCfg = Release|Any CPU
		{EDE88F89-E88D-4F78-A027-27DB6760A013}.Release|Any CPU.Build.0 = Release|Any CPU
		{FF17FA86-C863-4987-8C3B-9F55CF16CBD2}.Debug|Any CPU.ActiveCfg = Debug|Any CPU
		{FF17FA86-C863-4987-8C3B-9F55CF16CBD2}.Debug|Any CPU.Build.0 = Debug|Any CPU
		{FF17FA86-C863-4987-8C3B-9F55CF16CBD2}.Release|Any CPU.ActiveCfg = Release|Any CPU
		{FF17FA86-C863-4987-8C3B-9F55CF16CBD2}.Release|Any CPU.Build.0 = Release|Any CPU
		{4A5CE3C3-03AB-4E78-A7BD-0D44028546D5}.Debug|Any CPU.ActiveCfg = Debug|Any CPU
		{4A5CE3C3-03AB-4E78-A7BD-0D44028546D5}.Debug|Any CPU.Build.0 = Debug|Any CPU
		{4A5CE3C3-03AB-4E78-A7BD-0D44028546D5}.Release|Any CPU.ActiveCfg = Release|Any CPU
		{4A5CE3C3-03AB-4E78-A7BD-0D44028546D5}.Release|Any CPU.Build.0 = Release|Any CPU
		{9E83BAB5-0050-4A89-924A-34B5A12ECC27}.Debug|Any CPU.ActiveCfg = Debug|Any CPU
		{9E83BAB5-0050-4A89-924A-34B5A12ECC27}.Debug|Any CPU.Build.0 = Debug|Any CPU
		{9E83BAB5-0050-4A89-924A-34B5A12ECC27}.Release|Any CPU.ActiveCfg = Release|Any CPU
		{9E83BAB5-0050-4A89-924A-34B5A12ECC27}.Release|Any CPU.Build.0 = Release|Any CPU
		{074D35C7-B0EE-4147-9634-B8A38197F1DD}.Debug|Any CPU.ActiveCfg = Debug|Any CPU
		{074D35C7-B0EE-4147-9634-B8A38197F1DD}.Debug|Any CPU.Build.0 = Debug|Any CPU
		{074D35C7-B0EE-4147-9634-B8A38197F1DD}.Release|Any CPU.ActiveCfg = Release|Any CPU
		{074D35C7-B0EE-4147-9634-B8A38197F1DD}.Release|Any CPU.Build.0 = Release|Any CPU
		{F16C295F-03C0-430E-9ED2-19E7C5037CA6}.Debug|Any CPU.ActiveCfg = Debug|Any CPU
		{F16C295F-03C0-430E-9ED2-19E7C5037CA6}.Debug|Any CPU.Build.0 = Debug|Any CPU
		{F16C295F-03C0-430E-9ED2-19E7C5037CA6}.Release|Any CPU.ActiveCfg = Release|Any CPU
		{F16C295F-03C0-430E-9ED2-19E7C5037CA6}.Release|Any CPU.Build.0 = Release|Any CPU
		{91738205-127F-4C99-9D00-D2528063FEA8}.Debug|Any CPU.ActiveCfg = Debug|Any CPU
		{91738205-127F-4C99-9D00-D2528063FEA8}.Debug|Any CPU.Build.0 = Debug|Any CPU
		{91738205-127F-4C99-9D00-D2528063FEA8}.Release|Any CPU.ActiveCfg = Release|Any CPU
		{91738205-127F-4C99-9D00-D2528063FEA8}.Release|Any CPU.Build.0 = Release|Any CPU
		{12810CEB-3C26-4E8F-A0DB-56AE6F8E8301}.Debug|Any CPU.ActiveCfg = Debug|Any CPU
		{12810CEB-3C26-4E8F-A0DB-56AE6F8E8301}.Debug|Any CPU.Build.0 = Debug|Any CPU
		{12810CEB-3C26-4E8F-A0DB-56AE6F8E8301}.Release|Any CPU.ActiveCfg = Release|Any CPU
		{12810CEB-3C26-4E8F-A0DB-56AE6F8E8301}.Release|Any CPU.Build.0 = Release|Any CPU
		{A7F1BE87-4296-439F-BFAC-9E144EAA4DB4}.Debug|Any CPU.ActiveCfg = Debug|Any CPU
		{A7F1BE87-4296-439F-BFAC-9E144EAA4DB4}.Debug|Any CPU.Build.0 = Debug|Any CPU
		{A7F1BE87-4296-439F-BFAC-9E144EAA4DB4}.Release|Any CPU.ActiveCfg = Release|Any CPU
		{A7F1BE87-4296-439F-BFAC-9E144EAA4DB4}.Release|Any CPU.Build.0 = Release|Any CPU
		{34FF0899-2F2B-4B0A-92BE-8BDFF82FDB4E}.Debug|Any CPU.ActiveCfg = Debug|Any CPU
		{34FF0899-2F2B-4B0A-92BE-8BDFF82FDB4E}.Debug|Any CPU.Build.0 = Debug|Any CPU
		{34FF0899-2F2B-4B0A-92BE-8BDFF82FDB4E}.Release|Any CPU.ActiveCfg = Release|Any CPU
		{34FF0899-2F2B-4B0A-92BE-8BDFF82FDB4E}.Release|Any CPU.Build.0 = Release|Any CPU
		{0BA5C503-014B-47DA-A1F2-183A2E6DFE3A}.Debug|Any CPU.ActiveCfg = Debug|Any CPU
		{0BA5C503-014B-47DA-A1F2-183A2E6DFE3A}.Debug|Any CPU.Build.0 = Debug|Any CPU
		{0BA5C503-014B-47DA-A1F2-183A2E6DFE3A}.Release|Any CPU.ActiveCfg = Release|Any CPU
		{0BA5C503-014B-47DA-A1F2-183A2E6DFE3A}.Release|Any CPU.Build.0 = Release|Any CPU
		{2B65A4BD-6990-44F8-B301-B6CBEAA76E5B}.Debug|Any CPU.ActiveCfg = Debug|Any CPU
		{2B65A4BD-6990-44F8-B301-B6CBEAA76E5B}.Debug|Any CPU.Build.0 = Debug|Any CPU
		{2B65A4BD-6990-44F8-B301-B6CBEAA76E5B}.Release|Any CPU.ActiveCfg = Release|Any CPU
		{2B65A4BD-6990-44F8-B301-B6CBEAA76E5B}.Release|Any CPU.Build.0 = Release|Any CPU
		{8E396ABC-1B9E-470B-9639-C0D0A02FABF3}.Debug|Any CPU.ActiveCfg = Debug|Any CPU
		{8E396ABC-1B9E-470B-9639-C0D0A02FABF3}.Debug|Any CPU.Build.0 = Debug|Any CPU
		{8E396ABC-1B9E-470B-9639-C0D0A02FABF3}.Release|Any CPU.ActiveCfg = Release|Any CPU
		{8E396ABC-1B9E-470B-9639-C0D0A02FABF3}.Release|Any CPU.Build.0 = Release|Any CPU
	EndGlobalSection
	GlobalSection(SolutionProperties) = preSolution
		HideSolutionNode = FALSE
	EndGlobalSection
	GlobalSection(NestedProjects) = preSolution
		{F099F621-967D-4571-960B-F406C9179947} = {2844DFF4-DBC8-45ED-A6FF-EA201205B1D9}
		{79B68A8E-D1B5-4EA4-A6BD-9F879655D742} = {2844DFF4-DBC8-45ED-A6FF-EA201205B1D9}
		{5F57E932-37B1-4008-B05E-34093EC3B83E} = {2844DFF4-DBC8-45ED-A6FF-EA201205B1D9}
		{A53C866C-31D4-4288-BA5E-0F33D1E1C028} = {2844DFF4-DBC8-45ED-A6FF-EA201205B1D9}
		{05054C2E-8339-487B-9502-06420CBC72AD} = {2844DFF4-DBC8-45ED-A6FF-EA201205B1D9}
		{6626758A-ECFB-4206-A59D-60204F674D2E} = {5F01E94E-9C6D-4538-9D33-734C00CB32EA}
		{EDE88F89-E88D-4F78-A027-27DB6760A013} = {5F01E94E-9C6D-4538-9D33-734C00CB32EA}
		{FF17FA86-C863-4987-8C3B-9F55CF16CBD2} = {5F01E94E-9C6D-4538-9D33-734C00CB32EA}
		{4A5CE3C3-03AB-4E78-A7BD-0D44028546D5} = {5F01E94E-9C6D-4538-9D33-734C00CB32EA}
		{9E83BAB5-0050-4A89-924A-34B5A12ECC27} = {5F01E94E-9C6D-4538-9D33-734C00CB32EA}
		{074D35C7-B0EE-4147-9634-B8A38197F1DD} = {43DCF94B-0434-42FE-B132-28CF5772531E}
		{F16C295F-03C0-430E-9ED2-19E7C5037CA6} = {43DCF94B-0434-42FE-B132-28CF5772531E}
		{91738205-127F-4C99-9D00-D2528063FEA8} = {43DCF94B-0434-42FE-B132-28CF5772531E}
		{12810CEB-3C26-4E8F-A0DB-56AE6F8E8301} = {43DCF94B-0434-42FE-B132-28CF5772531E}
		{A7F1BE87-4296-439F-BFAC-9E144EAA4DB4} = {C8EEFFA5-C9B8-40B1-8204-F2F23FD4E0DE}
		{34FF0899-2F2B-4B0A-92BE-8BDFF82FDB4E} = {C8EEFFA5-C9B8-40B1-8204-F2F23FD4E0DE}
		{0BA5C503-014B-47DA-A1F2-183A2E6DFE3A} = {C8EEFFA5-C9B8-40B1-8204-F2F23FD4E0DE}
		{2B65A4BD-6990-44F8-B301-B6CBEAA76E5B} = {C8EEFFA5-C9B8-40B1-8204-F2F23FD4E0DE}
		{8E396ABC-1B9E-470B-9639-C0D0A02FABF3} = {E29B6FE3-39DB-4E6F-9E81-A041711577A4}
	EndGlobalSection
	GlobalSection(ExtensibilityGlobals) = postSolution
		SolutionGuid = {517A6B8D-90F9-47F0-8664-E45BB7C344A0}
	EndGlobalSection
EndGlobal
